
Microsoft Visual Studio Solution File, Format Version 12.00
# Visual Studio Version 17
VisualStudioVersion = 17.0.32112.339
MinimumVisualStudioVersion = 10.0.40219.1
Project("{8BC9CEB8-8B4A-11D0-8D11-00A0C91BC942}") = "MarcoBoopCounter", "MarcoBoopCounter\MarcoBoopCounter.vcxproj", "{BDC27312-EB1B-48A6-8D93-089611A806F8}"
EndProject
Global
	GlobalSection(SolutionConfigurationPlatforms) = preSolution
		Release|x64 = Release|x64
	EndGlobalSection
	GlobalSection(ProjectConfigurationPlatforms) = postSolution
		{BDC27312-EB1B-48A6-8D93-089611A806F8}.Release|x64.ActiveCfg = Release|x64
		{BDC27312-EB1B-48A6-8D93-089611A806F8}.Release|x64.Build.0 = Release|x64
	EndGlobalSection
	GlobalSection(SolutionProperties) = preSolution
		HideSolutionNode = FALSE
	EndGlobalSection
	GlobalSection(ExtensibilityGlobals) = postSolution
		SolutionGuid = {7F7519B1-F160-4000-8BF9-B07F9F2F22DB}
	EndGlobalSection
EndGlobal
